
Microsoft Visual Studio Solution File, Format Version 12.00
# Visual Studio Version 17
VisualStudioVersion = 17.0.31912.275
MinimumVisualStudioVersion = 10.0.40219.1
Project("{888888A0-9F3D-457C-B088-3A5042F75D52}") = "first pycairo attempt", "first pycairo attempt.pyproj", "{B9E9B093-FEC8-4929-9E04-38573C3686A0}"
EndProject
Global
	GlobalSection(SolutionConfigurationPlatforms) = preSolution
		Debug|Any CPU = Debug|Any CPU
		Release|Any CPU = Release|Any CPU
	EndGlobalSection
	GlobalSection(ProjectConfigurationPlatforms) = postSolution
		{B9E9B093-FEC8-4929-9E04-38573C3686A0}.Debug|Any CPU.ActiveCfg = Debug|Any CPU
		{B9E9B093-FEC8-4929-9E04-38573C3686A0}.Release|Any CPU.ActiveCfg = Release|Any CPU
	EndGlobalSection
	GlobalSection(SolutionProperties) = preSolution
		HideSolutionNode = FALSE
	EndGlobalSection
	GlobalSection(ExtensibilityGlobals) = postSolution
		SolutionGuid = {510C5004-E288-4EF8-A8CE-7E9EC9504738}
	EndGlobalSection
EndGlobal
